// !$*UTF8*$!
{
	archiveVersion = 1;
	classes = {
	};
	objectVersion = 46;
	objects = {

/* Begin PBXBuildFile section */
		003767241D29F4A00064A5EB /* FocusCenterView.xib in Resources */ = {isa = PBXBuildFile; fileRef = 003767211D29F4A00064A5EB /* FocusCenterView.xib */; };
		003767251D29F4A00064A5EB /* STFocusViewController.m in Sources */ = {isa = PBXBuildFile; fileRef = 003767231D29F4A00064A5EB /* STFocusViewController.m */; };
		0037672C1D29FF6A0064A5EB /* STchat.m in Sources */ = {isa = PBXBuildFile; fileRef = 003767271D29FF6A0064A5EB /* STchat.m */; };
		0037672D1D29FF6A0064A5EB /* STchatCell.m in Sources */ = {isa = PBXBuildFile; fileRef = 003767291D29FF6A0064A5EB /* STchatCell.m */; };
		0037672E1D29FF6A0064A5EB /* STChatViewController.m in Sources */ = {isa = PBXBuildFile; fileRef = 0037672B1D29FF6A0064A5EB /* STChatViewController.m */; };
		003767311D2A3E680064A5EB /* STPhoto.m in Sources */ = {isa = PBXBuildFile; fileRef = 003767301D2A3E680064A5EB /* STPhoto.m */; };
		003767341D2A3FAC0064A5EB /* STphotoCell.m in Sources */ = {isa = PBXBuildFile; fileRef = 003767331D2A3FAC0064A5EB /* STphotoCell.m */; };
		005818891D2B8C4E00EE4421 /* NSString+STExtension.m in Sources */ = {isa = PBXBuildFile; fileRef = 005818881D2B8C4E00EE4421 /* NSString+STExtension.m */; };
		0058188C1D2CD95800EE4421 /* STcommentView.m in Sources */ = {isa = PBXBuildFile; fileRef = 0058188B1D2CD95800EE4421 /* STcommentView.m */; };
		015E3D381D2113420014A991 /* STGuideController.m in Sources */ = {isa = PBXBuildFile; fileRef = 015E3D121D2113420014A991 /* STGuideController.m */; };
		015E3D391D2113420014A991 /* STGuideCell.m in Sources */ = {isa = PBXBuildFile; fileRef = 015E3D171D2113420014A991 /* STGuideCell.m */; };
		015E3D3A1D2113420014A991 /* AppDelegate.m in Sources */ = {isa = PBXBuildFile; fileRef = 015E3D1A1D2113420014A991 /* AppDelegate.m */; };
		015E3D3B1D2113420014A991 /* STNavigationController.m in Sources */ = {isa = PBXBuildFile; fileRef = 015E3D1D1D2113420014A991 /* STNavigationController.m */; };
		015E3D3C1D2113420014A991 /* STTabBarController.m in Sources */ = {isa = PBXBuildFile; fileRef = 015E3D1F1D2113420014A991 /* STTabBarController.m */; };
		015E3D4A1D21139F0014A991 /* STPhotoViewController.m in Sources */ = {isa = PBXBuildFile; fileRef = 015E3D491D21139F0014A991 /* STPhotoViewController.m */; };
		015E3D4D1D2113B70014A991 /* STWarningViewController.m in Sources */ = {isa = PBXBuildFile; fileRef = 015E3D4C1D2113B70014A991 /* STWarningViewController.m */; };
		015E3D501D2115610014A991 /* STTabBar.m in Sources */ = {isa = PBXBuildFile; fileRef = 015E3D4F1D2115610014A991 /* STTabBar.m */; };
		015E3D561D211EAD0014A991 /* UIBarButtonItem+STExtension.m in Sources */ = {isa = PBXBuildFile; fileRef = 015E3D551D211EAD0014A991 /* UIBarButtonItem+STExtension.m */; };
		015E3D5B1D211ED20014A991 /* UIView+STExtension.m in Sources */ = {isa = PBXBuildFile; fileRef = 015E3D581D211ED20014A991 /* UIView+STExtension.m */; };
		015E3D5C1D211ED20014A991 /* NSDate+STExtension.m in Sources */ = {isa = PBXBuildFile; fileRef = 015E3D5A1D211ED20014A991 /* NSDate+STExtension.m */; };
		C7146FF376D10D087865999B /* libPods-XiaoShenTu.a in Frameworks */ = {isa = PBXBuildFile; fileRef = 2A5A334EB665E4F83E579D62 /* libPods-XiaoShenTu.a */; };
		DB06DC6A1D2528C30042B9F9 /* UIView+Extend.m in Sources */ = {isa = PBXBuildFile; fileRef = DB06DC691D2528C30042B9F9 /* UIView+Extend.m */; };
		DB4E71671D2A12B800B5938B /* STHoneyViewController.m in Sources */ = {isa = PBXBuildFile; fileRef = DB4E71571D2A12B800B5938B /* STHoneyViewController.m */; };
		DB4E71681D2A12B800B5938B /* STRedAndHomeView.m in Sources */ = {isa = PBXBuildFile; fileRef = DB4E715A1D2A12B800B5938B /* STRedAndHomeView.m */; };
		DB4E71691D2A12B800B5938B /* STHInfomation.m in Sources */ = {isa = PBXBuildFile; fileRef = DB4E715D1D2A12B800B5938B /* STHInfomation.m */; };
		DB4E716A1D2A12B800B5938B /* STHInfomationView.m in Sources */ = {isa = PBXBuildFile; fileRef = DB4E715F1D2A12B800B5938B /* STHInfomationView.m */; };
		DB4E716B1D2A12B800B5938B /* STHCollection.m in Sources */ = {isa = PBXBuildFile; fileRef = DB4E71621D2A12B800B5938B /* STHCollection.m */; };
		DB4E716C1D2A12B800B5938B /* STHCollectionView.m in Sources */ = {isa = PBXBuildFile; fileRef = DB4E71641D2A12B800B5938B /* STHCollectionView.m */; };
		DB4E716D1D2A12B800B5938B /* STHCollectionViewCell.m in Sources */ = {isa = PBXBuildFile; fileRef = DB4E71661D2A12B800B5938B /* STHCollectionViewCell.m */; };
		DB4E71721D2A139900B5938B /* STHongBaoAnnotation.m in Sources */ = {isa = PBXBuildFile; fileRef = DB4E716F1D2A139900B5938B /* STHongBaoAnnotation.m */; };
		DB4E71731D2A139900B5938B /* STHPersonMessage.m in Sources */ = {isa = PBXBuildFile; fileRef = DB4E71711D2A139900B5938B /* STHPersonMessage.m */; };
		DBA5A8801D1FAA9C00FCF0B1 /* main.m in Sources */ = {isa = PBXBuildFile; fileRef = DBA5A87F1D1FAA9C00FCF0B1 /* main.m */; };
		DBA5A8891D1FAA9C00FCF0B1 /* Main.storyboard in Resources */ = {isa = PBXBuildFile; fileRef = DBA5A8871D1FAA9C00FCF0B1 /* Main.storyboard */; };
		DBA5A88B1D1FAA9C00FCF0B1 /* Assets.xcassets in Resources */ = {isa = PBXBuildFile; fileRef = DBA5A88A1D1FAA9C00FCF0B1 /* Assets.xcassets */; };
		DBA5A88E1D1FAA9C00FCF0B1 /* LaunchScreen.storyboard in Resources */ = {isa = PBXBuildFile; fileRef = DBA5A88C1D1FAA9C00FCF0B1 /* LaunchScreen.storyboard */; };
		DBAB24861D22BC3C00325BA4 /* libPods-XiaoShenTu.a in Frameworks */ = {isa = PBXBuildFile; fileRef = DBAB24851D22BC3C00325BA4 /* libPods-XiaoShenTu.a */; };
		DBAD7D9F1D2B4C210095A311 /* STLoginViewController.m in Sources */ = {isa = PBXBuildFile; fileRef = DBAD7D9E1D2B4C210095A311 /* STLoginViewController.m */; };
		DBAD7DA21D2B5E000095A311 /* STLoginView.m in Sources */ = {isa = PBXBuildFile; fileRef = DBAD7DA11D2B5E000095A311 /* STLoginView.m */; };
		DBAD7DA51D2B908C0095A311 /* STRegister.m in Sources */ = {isa = PBXBuildFile; fileRef = DBAD7DA41D2B908C0095A311 /* STRegister.m */; };
		DBAD7DA81D2B90A90095A311 /* STRegisterViewController.m in Sources */ = {isa = PBXBuildFile; fileRef = DBAD7DA71D2B90A90095A311 /* STRegisterViewController.m */; };
		DBAD7DAC1D2BB9000095A311 /* JKCountDownButton.m in Sources */ = {isa = PBXBuildFile; fileRef = DBAD7DAB1D2BB9000095A311 /* JKCountDownButton.m */; };
		DBAF32111D237BDD00D3CADC /* AMapLocationKit.framework in Frameworks */ = {isa = PBXBuildFile; fileRef = DBAF32101D237BDD00D3CADC /* AMapLocationKit.framework */; };
		DBAF32171D23C2CB00D3CADC /* UIButton+Utility.m in Sources */ = {isa = PBXBuildFile; fileRef = DBAF32141D23C2CB00D3CADC /* UIButton+Utility.m */; };
		DBAF32181D23C2CB00D3CADC /* UILabel+Utility.m in Sources */ = {isa = PBXBuildFile; fileRef = DBAF32161D23C2CB00D3CADC /* UILabel+Utility.m */; };
		DBAF32211D23C73400D3CADC /* NSObject+STBasicColor.m in Sources */ = {isa = PBXBuildFile; fileRef = DBAF32201D23C73400D3CADC /* NSObject+STBasicColor.m */; };
		DBDB52F91D2A6C3600B6EAB8 /* STWarningView.m in Sources */ = {isa = PBXBuildFile; fileRef = DBDB52F81D2A6C3600B6EAB8 /* STWarningView.m */; };
		DBE3DF901D2659340001FEE5 /* Security.framework in Frameworks */ = {isa = PBXBuildFile; fileRef = DBE3DF8F1D2659340001FEE5 /* Security.framework */; };
		DBE3DF941D26596A0001FEE5 /* SFHFKeychainUtils.m in Sources */ = {isa = PBXBuildFile; fileRef = DBE3DF931D26596A0001FEE5 /* SFHFKeychainUtils.m */; settings = {COMPILER_FLAGS = "-fno-objc-arc"; }; };
		E7681E0E1D2B616400A3B94E /* STConversationViewController.m in Sources */ = {isa = PBXBuildFile; fileRef = E7681E0D1D2B616400A3B94E /* STConversationViewController.m */; };
		E7681E111D2B651F00A3B94E /* STConversationListViewController.m in Sources */ = {isa = PBXBuildFile; fileRef = E7681E101D2B651F00A3B94E /* STConversationListViewController.m */; };
		E778DF131D2A002A00FA5B7A /* HP_NString.m in Sources */ = {isa = PBXBuildFile; fileRef = E778DF111D2A002A00FA5B7A /* HP_NString.m */; };
/* End PBXBuildFile section */

/* Begin PBXFileReference section */
		003767211D29F4A00064A5EB /* FocusCenterView.xib */ = {isa = PBXFileReference; fileEncoding = 4; lastKnownFileType = file.xib; path = FocusCenterView.xib; sourceTree = "<group>"; };
		003767221D29F4A00064A5EB /* STFocusViewController.h */ = {isa = PBXFileReference; fileEncoding = 4; lastKnownFileType = sourcecode.c.h; path = STFocusViewController.h; sourceTree = "<group>"; };
		003767231D29F4A00064A5EB /* STFocusViewController.m */ = {isa = PBXFileReference; fileEncoding = 4; lastKnownFileType = sourcecode.c.objc; path = STFocusViewController.m; sourceTree = "<group>"; };
		003767261D29FF6A0064A5EB /* STchat.h */ = {isa = PBXFileReference; fileEncoding = 4; lastKnownFileType = sourcecode.c.h; path = STchat.h; sourceTree = "<group>"; };
		003767271D29FF6A0064A5EB /* STchat.m */ = {isa = PBXFileReference; fileEncoding = 4; lastKnownFileType = sourcecode.c.objc; path = STchat.m; sourceTree = "<group>"; };
		003767281D29FF6A0064A5EB /* STchatCell.h */ = {isa = PBXFileReference; fileEncoding = 4; lastKnownFileType = sourcecode.c.h; path = STchatCell.h; sourceTree = "<group>"; };
		003767291D29FF6A0064A5EB /* STchatCell.m */ = {isa = PBXFileReference; fileEncoding = 4; lastKnownFileType = sourcecode.c.objc; path = STchatCell.m; sourceTree = "<group>"; };
		0037672A1D29FF6A0064A5EB /* STChatViewController.h */ = {isa = PBXFileReference; fileEncoding = 4; lastKnownFileType = sourcecode.c.h; path = STChatViewController.h; sourceTree = "<group>"; };
		0037672B1D29FF6A0064A5EB /* STChatViewController.m */ = {isa = PBXFileReference; fileEncoding = 4; lastKnownFileType = sourcecode.c.objc; path = STChatViewController.m; sourceTree = "<group>"; };
		0037672F1D2A3E680064A5EB /* STPhoto.h */ = {isa = PBXFileReference; fileEncoding = 4; lastKnownFileType = sourcecode.c.h; path = STPhoto.h; sourceTree = "<group>"; };
		003767301D2A3E680064A5EB /* STPhoto.m */ = {isa = PBXFileReference; fileEncoding = 4; lastKnownFileType = sourcecode.c.objc; path = STPhoto.m; sourceTree = "<group>"; };
		003767321D2A3FAC0064A5EB /* STphotoCell.h */ = {isa = PBXFileReference; fileEncoding = 4; lastKnownFileType = sourcecode.c.h; path = STphotoCell.h; sourceTree = "<group>"; };
		003767331D2A3FAC0064A5EB /* STphotoCell.m */ = {isa = PBXFileReference; fileEncoding = 4; lastKnownFileType = sourcecode.c.objc; path = STphotoCell.m; sourceTree = "<group>"; };
		005818871D2B8C4E00EE4421 /* NSString+STExtension.h */ = {isa = PBXFileReference; fileEncoding = 4; lastKnownFileType = sourcecode.c.h; path = "NSString+STExtension.h"; sourceTree = "<group>"; };
		005818881D2B8C4E00EE4421 /* NSString+STExtension.m */ = {isa = PBXFileReference; fileEncoding = 4; lastKnownFileType = sourcecode.c.objc; path = "NSString+STExtension.m"; sourceTree = "<group>"; };
		0058188A1D2CD95800EE4421 /* STcommentView.h */ = {isa = PBXFileReference; fileEncoding = 4; lastKnownFileType = sourcecode.c.h; path = STcommentView.h; sourceTree = "<group>"; };
		0058188B1D2CD95800EE4421 /* STcommentView.m */ = {isa = PBXFileReference; fileEncoding = 4; lastKnownFileType = sourcecode.c.objc; path = STcommentView.m; sourceTree = "<group>"; };
		015E3D111D2113420014A991 /* STGuideController.h */ = {isa = PBXFileReference; fileEncoding = 4; lastKnownFileType = sourcecode.c.h; path = STGuideController.h; sourceTree = "<group>"; };
		015E3D121D2113420014A991 /* STGuideController.m */ = {isa = PBXFileReference; fileEncoding = 4; lastKnownFileType = sourcecode.c.objc; path = STGuideController.m; sourceTree = "<group>"; };
		015E3D161D2113420014A991 /* STGuideCell.h */ = {isa = PBXFileReference; fileEncoding = 4; lastKnownFileType = sourcecode.c.h; path = STGuideCell.h; sourceTree = "<group>"; };
		015E3D171D2113420014A991 /* STGuideCell.m */ = {isa = PBXFileReference; fileEncoding = 4; lastKnownFileType = sourcecode.c.objc; path = STGuideCell.m; sourceTree = "<group>"; };
		015E3D191D2113420014A991 /* AppDelegate.h */ = {isa = PBXFileReference; fileEncoding = 4; lastKnownFileType = sourcecode.c.h; name = AppDelegate.h; path = Classes/Main/AppDelegate.h; sourceTree = "<group>"; };
		015E3D1A1D2113420014A991 /* AppDelegate.m */ = {isa = PBXFileReference; fileEncoding = 4; lastKnownFileType = sourcecode.c.objc; name = AppDelegate.m; path = Classes/Main/AppDelegate.m; sourceTree = "<group>"; };
		015E3D1C1D2113420014A991 /* STNavigationController.h */ = {isa = PBXFileReference; fileEncoding = 4; lastKnownFileType = sourcecode.c.h; path = STNavigationController.h; sourceTree = "<group>"; };
		015E3D1D1D2113420014A991 /* STNavigationController.m */ = {isa = PBXFileReference; fileEncoding = 4; lastKnownFileType = sourcecode.c.objc; path = STNavigationController.m; sourceTree = "<group>"; };
		015E3D1E1D2113420014A991 /* STTabBarController.h */ = {isa = PBXFileReference; fileEncoding = 4; lastKnownFileType = sourcecode.c.h; path = STTabBarController.h; sourceTree = "<group>"; };
		015E3D1F1D2113420014A991 /* STTabBarController.m */ = {isa = PBXFileReference; fileEncoding = 4; lastKnownFileType = sourcecode.c.objc; path = STTabBarController.m; sourceTree = "<group>"; };
		015E3D481D21139F0014A991 /* STPhotoViewController.h */ = {isa = PBXFileReference; fileEncoding = 4; lastKnownFileType = sourcecode.c.h; path = STPhotoViewController.h; sourceTree = "<group>"; };
		015E3D491D21139F0014A991 /* STPhotoViewController.m */ = {isa = PBXFileReference; fileEncoding = 4; lastKnownFileType = sourcecode.c.objc; path = STPhotoViewController.m; sourceTree = "<group>"; };
		015E3D4B1D2113B70014A991 /* STWarningViewController.h */ = {isa = PBXFileReference; fileEncoding = 4; lastKnownFileType = sourcecode.c.h; path = STWarningViewController.h; sourceTree = "<group>"; };
		015E3D4C1D2113B70014A991 /* STWarningViewController.m */ = {isa = PBXFileReference; fileEncoding = 4; lastKnownFileType = sourcecode.c.objc; path = STWarningViewController.m; sourceTree = "<group>"; };
		015E3D4E1D2115610014A991 /* STTabBar.h */ = {isa = PBXFileReference; fileEncoding = 4; lastKnownFileType = sourcecode.c.h; path = STTabBar.h; sourceTree = "<group>"; };
		015E3D4F1D2115610014A991 /* STTabBar.m */ = {isa = PBXFileReference; fileEncoding = 4; lastKnownFileType = sourcecode.c.objc; path = STTabBar.m; sourceTree = "<group>"; };
		015E3D541D211EAD0014A991 /* UIBarButtonItem+STExtension.h */ = {isa = PBXFileReference; fileEncoding = 4; lastKnownFileType = sourcecode.c.h; path = "UIBarButtonItem+STExtension.h"; sourceTree = "<group>"; };
		015E3D551D211EAD0014A991 /* UIBarButtonItem+STExtension.m */ = {isa = PBXFileReference; fileEncoding = 4; lastKnownFileType = sourcecode.c.objc; path = "UIBarButtonItem+STExtension.m"; sourceTree = "<group>"; };
		015E3D571D211ED20014A991 /* UIView+STExtension.h */ = {isa = PBXFileReference; fileEncoding = 4; lastKnownFileType = sourcecode.c.h; path = "UIView+STExtension.h"; sourceTree = "<group>"; };
		015E3D581D211ED20014A991 /* UIView+STExtension.m */ = {isa = PBXFileReference; fileEncoding = 4; lastKnownFileType = sourcecode.c.objc; path = "UIView+STExtension.m"; sourceTree = "<group>"; };
		015E3D591D211ED20014A991 /* NSDate+STExtension.h */ = {isa = PBXFileReference; fileEncoding = 4; lastKnownFileType = sourcecode.c.h; path = "NSDate+STExtension.h"; sourceTree = "<group>"; };
		015E3D5A1D211ED20014A991 /* NSDate+STExtension.m */ = {isa = PBXFileReference; fileEncoding = 4; lastKnownFileType = sourcecode.c.objc; path = "NSDate+STExtension.m"; sourceTree = "<group>"; };
		2A5A334EB665E4F83E579D62 /* libPods-XiaoShenTu.a */ = {isa = PBXFileReference; explicitFileType = archive.ar; includeInIndex = 0; path = "libPods-XiaoShenTu.a"; sourceTree = BUILT_PRODUCTS_DIR; };
		347511030CF39749603F7E5C /* Pods-XiaoShenTu.debug.xcconfig */ = {isa = PBXFileReference; includeInIndex = 1; lastKnownFileType = text.xcconfig; name = "Pods-XiaoShenTu.debug.xcconfig"; path = "Pods/Target Support Files/Pods-XiaoShenTu/Pods-XiaoShenTu.debug.xcconfig"; sourceTree = "<group>"; };
		9045304AECE7243577F10411 /* Pods-XiaoShenTu.release.xcconfig */ = {isa = PBXFileReference; includeInIndex = 1; lastKnownFileType = text.xcconfig; name = "Pods-XiaoShenTu.release.xcconfig"; path = "Pods/Target Support Files/Pods-XiaoShenTu/Pods-XiaoShenTu.release.xcconfig"; sourceTree = "<group>"; };
		DB06DC681D2528C30042B9F9 /* UIView+Extend.h */ = {isa = PBXFileReference; fileEncoding = 4; lastKnownFileType = sourcecode.c.h; path = "UIView+Extend.h"; sourceTree = "<group>"; };
		DB06DC691D2528C30042B9F9 /* UIView+Extend.m */ = {isa = PBXFileReference; fileEncoding = 4; lastKnownFileType = sourcecode.c.objc; path = "UIView+Extend.m"; sourceTree = "<group>"; };
		DB4E71561D2A12B800B5938B /* STHoneyViewController.h */ = {isa = PBXFileReference; fileEncoding = 4; lastKnownFileType = sourcecode.c.h; path = STHoneyViewController.h; sourceTree = "<group>"; };
		DB4E71571D2A12B800B5938B /* STHoneyViewController.m */ = {isa = PBXFileReference; fileEncoding = 4; lastKnownFileType = sourcecode.c.objc; path = STHoneyViewController.m; sourceTree = "<group>"; };
		DB4E71591D2A12B800B5938B /* STRedAndHomeView.h */ = {isa = PBXFileReference; fileEncoding = 4; lastKnownFileType = sourcecode.c.h; path = STRedAndHomeView.h; sourceTree = "<group>"; };
		DB4E715A1D2A12B800B5938B /* STRedAndHomeView.m */ = {isa = PBXFileReference; fileEncoding = 4; lastKnownFileType = sourcecode.c.objc; path = STRedAndHomeView.m; sourceTree = "<group>"; };
		DB4E715C1D2A12B800B5938B /* STHInfomation.h */ = {isa = PBXFileReference; fileEncoding = 4; lastKnownFileType = sourcecode.c.h; path = STHInfomation.h; sourceTree = "<group>"; };
		DB4E715D1D2A12B800B5938B /* STHInfomation.m */ = {isa = PBXFileReference; fileEncoding = 4; lastKnownFileType = sourcecode.c.objc; path = STHInfomation.m; sourceTree = "<group>"; };
		DB4E715E1D2A12B800B5938B /* STHInfomationView.h */ = {isa = PBXFileReference; fileEncoding = 4; lastKnownFileType = sourcecode.c.h; path = STHInfomationView.h; sourceTree = "<group>"; };
		DB4E715F1D2A12B800B5938B /* STHInfomationView.m */ = {isa = PBXFileReference; fileEncoding = 4; lastKnownFileType = sourcecode.c.objc; path = STHInfomationView.m; sourceTree = "<group>"; };
		DB4E71611D2A12B800B5938B /* STHCollection.h */ = {isa = PBXFileReference; fileEncoding = 4; lastKnownFileType = sourcecode.c.h; path = STHCollection.h; sourceTree = "<group>"; };
		DB4E71621D2A12B800B5938B /* STHCollection.m */ = {isa = PBXFileReference; fileEncoding = 4; lastKnownFileType = sourcecode.c.objc; path = STHCollection.m; sourceTree = "<group>"; };
		DB4E71631D2A12B800B5938B /* STHCollectionView.h */ = {isa = PBXFileReference; fileEncoding = 4; lastKnownFileType = sourcecode.c.h; path = STHCollectionView.h; sourceTree = "<group>"; };
		DB4E71641D2A12B800B5938B /* STHCollectionView.m */ = {isa = PBXFileReference; fileEncoding = 4; lastKnownFileType = sourcecode.c.objc; path = STHCollectionView.m; sourceTree = "<group>"; };
		DB4E71651D2A12B800B5938B /* STHCollectionViewCell.h */ = {isa = PBXFileReference; fileEncoding = 4; lastKnownFileType = sourcecode.c.h; path = STHCollectionViewCell.h; sourceTree = "<group>"; };
		DB4E71661D2A12B800B5938B /* STHCollectionViewCell.m */ = {isa = PBXFileReference; fileEncoding = 4; lastKnownFileType = sourcecode.c.objc; path = STHCollectionViewCell.m; sourceTree = "<group>"; };
		DB4E716E1D2A139800B5938B /* STHongBaoAnnotation.h */ = {isa = PBXFileReference; fileEncoding = 4; lastKnownFileType = sourcecode.c.h; path = STHongBaoAnnotation.h; sourceTree = "<group>"; };
		DB4E716F1D2A139900B5938B /* STHongBaoAnnotation.m */ = {isa = PBXFileReference; fileEncoding = 4; lastKnownFileType = sourcecode.c.objc; path = STHongBaoAnnotation.m; sourceTree = "<group>"; };
		DB4E71701D2A139900B5938B /* STHPersonMessage.h */ = {isa = PBXFileReference; fileEncoding = 4; lastKnownFileType = sourcecode.c.h; path = STHPersonMessage.h; sourceTree = "<group>"; };
		DB4E71711D2A139900B5938B /* STHPersonMessage.m */ = {isa = PBXFileReference; fileEncoding = 4; lastKnownFileType = sourcecode.c.objc; path = STHPersonMessage.m; sourceTree = "<group>"; };
		DBA5A87B1D1FAA9C00FCF0B1 /* XiaoShenTu.app */ = {isa = PBXFileReference; explicitFileType = wrapper.application; includeInIndex = 0; path = XiaoShenTu.app; sourceTree = BUILT_PRODUCTS_DIR; };
		DBA5A87F1D1FAA9C00FCF0B1 /* main.m */ = {isa = PBXFileReference; lastKnownFileType = sourcecode.c.objc; path = main.m; sourceTree = "<group>"; };
		DBA5A8881D1FAA9C00FCF0B1 /* Base */ = {isa = PBXFileReference; lastKnownFileType = file.storyboard; name = Base; path = Base.lproj/Main.storyboard; sourceTree = "<group>"; };
		DBA5A88A1D1FAA9C00FCF0B1 /* Assets.xcassets */ = {isa = PBXFileReference; lastKnownFileType = folder.assetcatalog; path = Assets.xcassets; sourceTree = "<group>"; };
		DBA5A88D1D1FAA9C00FCF0B1 /* Base */ = {isa = PBXFileReference; lastKnownFileType = file.storyboard; name = Base; path = Base.lproj/LaunchScreen.storyboard; sourceTree = "<group>"; };
		DBA5A88F1D1FAA9C00FCF0B1 /* Info.plist */ = {isa = PBXFileReference; lastKnownFileType = text.plist.xml; path = Info.plist; sourceTree = "<group>"; };
		DBA5A8B21D1FB98B00FCF0B1 /* PrefixHeader.pch */ = {isa = PBXFileReference; fileEncoding = 4; lastKnownFileType = sourcecode.c.h; path = PrefixHeader.pch; sourceTree = "<group>"; };
		DBAB247D1D22BA9600325BA4 /* AMapFoundationKit.framework */ = {isa = PBXFileReference; lastKnownFileType = wrapper.framework; name = AMapFoundationKit.framework; path = XiaoShenTu/AMapFoundationKit.framework; sourceTree = "<group>"; };
		DBAB247E1D22BA9600325BA4 /* MAMapKit.framework */ = {isa = PBXFileReference; lastKnownFileType = wrapper.framework; name = MAMapKit.framework; path = XiaoShenTu/MAMapKit.framework; sourceTree = "<group>"; };
		DBAB24851D22BC3C00325BA4 /* libPods-XiaoShenTu.a */ = {isa = PBXFileReference; lastKnownFileType = archive.ar; name = "libPods-XiaoShenTu.a"; path = "Pods/../build/Debug-iphoneos/libPods-XiaoShenTu.a"; sourceTree = "<group>"; };
		DBAD7D9D1D2B4C210095A311 /* STLoginViewController.h */ = {isa = PBXFileReference; fileEncoding = 4; lastKnownFileType = sourcecode.c.h; path = STLoginViewController.h; sourceTree = "<group>"; };
		DBAD7D9E1D2B4C210095A311 /* STLoginViewController.m */ = {isa = PBXFileReference; fileEncoding = 4; lastKnownFileType = sourcecode.c.objc; path = STLoginViewController.m; sourceTree = "<group>"; };
		DBAD7DA01D2B5E000095A311 /* STLoginView.h */ = {isa = PBXFileReference; fileEncoding = 4; lastKnownFileType = sourcecode.c.h; path = STLoginView.h; sourceTree = "<group>"; };
		DBAD7DA11D2B5E000095A311 /* STLoginView.m */ = {isa = PBXFileReference; fileEncoding = 4; lastKnownFileType = sourcecode.c.objc; path = STLoginView.m; sourceTree = "<group>"; };
		DBAD7DA31D2B908C0095A311 /* STRegister.h */ = {isa = PBXFileReference; fileEncoding = 4; lastKnownFileType = sourcecode.c.h; path = STRegister.h; sourceTree = "<group>"; };
		DBAD7DA41D2B908C0095A311 /* STRegister.m */ = {isa = PBXFileReference; fileEncoding = 4; lastKnownFileType = sourcecode.c.objc; path = STRegister.m; sourceTree = "<group>"; };
		DBAD7DA61D2B90A90095A311 /* STRegisterViewController.h */ = {isa = PBXFileReference; fileEncoding = 4; lastKnownFileType = sourcecode.c.h; path = STRegisterViewController.h; sourceTree = "<group>"; };
		DBAD7DA71D2B90A90095A311 /* STRegisterViewController.m */ = {isa = PBXFileReference; fileEncoding = 4; lastKnownFileType = sourcecode.c.objc; path = STRegisterViewController.m; sourceTree = "<group>"; };
		DBAD7DAA1D2BB9000095A311 /* JKCountDownButton.h */ = {isa = PBXFileReference; fileEncoding = 4; lastKnownFileType = sourcecode.c.h; path = JKCountDownButton.h; sourceTree = "<group>"; };
		DBAD7DAB1D2BB9000095A311 /* JKCountDownButton.m */ = {isa = PBXFileReference; fileEncoding = 4; lastKnownFileType = sourcecode.c.objc; path = JKCountDownButton.m; sourceTree = "<group>"; };
		DBAF32101D237BDD00D3CADC /* AMapLocationKit.framework */ = {isa = PBXFileReference; lastKnownFileType = wrapper.framework; name = AMapLocationKit.framework; path = XiaoShenTu/AMapLocationKit.framework; sourceTree = "<group>"; };
		DBAF32131D23C2CB00D3CADC /* UIButton+Utility.h */ = {isa = PBXFileReference; fileEncoding = 4; lastKnownFileType = sourcecode.c.h; name = "UIButton+Utility.h"; path = "../Utility/UIButton+Utility.h"; sourceTree = "<group>"; };
		DBAF32141D23C2CB00D3CADC /* UIButton+Utility.m */ = {isa = PBXFileReference; fileEncoding = 4; lastKnownFileType = sourcecode.c.objc; name = "UIButton+Utility.m"; path = "../Utility/UIButton+Utility.m"; sourceTree = "<group>"; };
		DBAF32151D23C2CB00D3CADC /* UILabel+Utility.h */ = {isa = PBXFileReference; fileEncoding = 4; lastKnownFileType = sourcecode.c.h; name = "UILabel+Utility.h"; path = "../Utility/UILabel+Utility.h"; sourceTree = "<group>"; };
		DBAF32161D23C2CB00D3CADC /* UILabel+Utility.m */ = {isa = PBXFileReference; fileEncoding = 4; lastKnownFileType = sourcecode.c.objc; name = "UILabel+Utility.m"; path = "../Utility/UILabel+Utility.m"; sourceTree = "<group>"; };
		DBAF32191D23C35E00D3CADC /* AppMacro.h */ = {isa = PBXFileReference; fileEncoding = 4; lastKnownFileType = sourcecode.c.h; name = AppMacro.h; path = Classes/Utility/AppMacro.h; sourceTree = "<group>"; };
		DBAF321F1D23C73400D3CADC /* NSObject+STBasicColor.h */ = {isa = PBXFileReference; fileEncoding = 4; lastKnownFileType = sourcecode.c.h; name = "NSObject+STBasicColor.h"; path = "../Utility/NSObject+STBasicColor.h"; sourceTree = "<group>"; };
		DBAF32201D23C73400D3CADC /* NSObject+STBasicColor.m */ = {isa = PBXFileReference; fileEncoding = 4; lastKnownFileType = sourcecode.c.objc; name = "NSObject+STBasicColor.m"; path = "../Utility/NSObject+STBasicColor.m"; sourceTree = "<group>"; };
		DBDB52F71D2A6C3600B6EAB8 /* STWarningView.h */ = {isa = PBXFileReference; fileEncoding = 4; lastKnownFileType = sourcecode.c.h; path = STWarningView.h; sourceTree = "<group>"; };
		DBDB52F81D2A6C3600B6EAB8 /* STWarningView.m */ = {isa = PBXFileReference; fileEncoding = 4; lastKnownFileType = sourcecode.c.objc; path = STWarningView.m; sourceTree = "<group>"; };
		DBE3DF8F1D2659340001FEE5 /* Security.framework */ = {isa = PBXFileReference; lastKnownFileType = wrapper.framework; name = Security.framework; path = System/Library/Frameworks/Security.framework; sourceTree = SDKROOT; };
		DBE3DF921D26596A0001FEE5 /* SFHFKeychainUtils.h */ = {isa = PBXFileReference; fileEncoding = 4; lastKnownFileType = sourcecode.c.h; path = SFHFKeychainUtils.h; sourceTree = "<group>"; };
		DBE3DF931D26596A0001FEE5 /* SFHFKeychainUtils.m */ = {isa = PBXFileReference; fileEncoding = 4; lastKnownFileType = sourcecode.c.objc; path = SFHFKeychainUtils.m; sourceTree = "<group>"; };
		E7681E0C1D2B616400A3B94E /* STConversationViewController.h */ = {isa = PBXFileReference; fileEncoding = 4; lastKnownFileType = sourcecode.c.h; path = STConversationViewController.h; sourceTree = "<group>"; };
		E7681E0D1D2B616400A3B94E /* STConversationViewController.m */ = {isa = PBXFileReference; fileEncoding = 4; lastKnownFileType = sourcecode.c.objc; path = STConversationViewController.m; sourceTree = "<group>"; };
		E7681E0F1D2B651F00A3B94E /* STConversationListViewController.h */ = {isa = PBXFileReference; fileEncoding = 4; lastKnownFileType = sourcecode.c.h; path = STConversationListViewController.h; sourceTree = "<group>"; };
		E7681E101D2B651F00A3B94E /* STConversationListViewController.m */ = {isa = PBXFileReference; fileEncoding = 4; lastKnownFileType = sourcecode.c.objc; path = STConversationListViewController.m; sourceTree = "<group>"; };
		E778DF0D1D29FD9F00FA5B7A /* CommonFiles.h */ = {isa = PBXFileReference; lastKnownFileType = sourcecode.c.h; path = CommonFiles.h; sourceTree = "<group>"; };
		E778DF101D2A002A00FA5B7A /* HP_NString.h */ = {isa = PBXFileReference; fileEncoding = 4; lastKnownFileType = sourcecode.c.h; path = HP_NString.h; sourceTree = "<group>"; };
		E778DF111D2A002A00FA5B7A /* HP_NString.m */ = {isa = PBXFileReference; fileEncoding = 4; lastKnownFileType = sourcecode.c.objc; path = HP_NString.m; sourceTree = "<group>"; };
		E778DF141D2A017300FA5B7A /* Header.h */ = {isa = PBXFileReference; fileEncoding = 4; lastKnownFileType = sourcecode.c.h; path = Header.h; sourceTree = "<group>"; };
/* End PBXFileReference section */

/* Begin PBXFrameworksBuildPhase section */
		DBA5A8781D1FAA9C00FCF0B1 /* Frameworks */ = {
			isa = PBXFrameworksBuildPhase;
			buildActionMask = 2147483647;
			files = (
				DBE3DF901D2659340001FEE5 /* Security.framework in Frameworks */,
				DBAB24861D22BC3C00325BA4 /* libPods-XiaoShenTu.a in Frameworks */,
				DBAF32111D237BDD00D3CADC /* AMapLocationKit.framework in Frameworks */,
				C7146FF376D10D087865999B /* libPods-XiaoShenTu.a in Frameworks */,
			);
			runOnlyForDeploymentPostprocessing = 0;
		};
/* End PBXFrameworksBuildPhase section */

/* Begin PBXGroup section */
		015E3D0B1D2113420014A991 /* Classes */ = {
			isa = PBXGroup;
			children = (
				015E3D181D2113420014A991 /* Main */,
				015E3D311D2113420014A991 /* 主框架 */,
			);
			path = Classes;
			sourceTree = "<group>";
		};
		015E3D0C1D2113420014A991 /* Category */ = {
			isa = PBXGroup;
			children = (
				E778DF101D2A002A00FA5B7A /* HP_NString.h */,
				E778DF111D2A002A00FA5B7A /* HP_NString.m */,
				DBAF32131D23C2CB00D3CADC /* UIButton+Utility.h */,
				DBAF32141D23C2CB00D3CADC /* UIButton+Utility.m */,
				DBAF32151D23C2CB00D3CADC /* UILabel+Utility.h */,
				DBAF32161D23C2CB00D3CADC /* UILabel+Utility.m */,
				DBAF321F1D23C73400D3CADC /* NSObject+STBasicColor.h */,
				DBAF32201D23C73400D3CADC /* NSObject+STBasicColor.m */,
				DB06DC681D2528C30042B9F9 /* UIView+Extend.h */,
				DB06DC691D2528C30042B9F9 /* UIView+Extend.m */,
				015E3D571D211ED20014A991 /* UIView+STExtension.h */,
				015E3D581D211ED20014A991 /* UIView+STExtension.m */,
				015E3D591D211ED20014A991 /* NSDate+STExtension.h */,
				015E3D5A1D211ED20014A991 /* NSDate+STExtension.m */,
				015E3D541D211EAD0014A991 /* UIBarButtonItem+STExtension.h */,
				015E3D551D211EAD0014A991 /* UIBarButtonItem+STExtension.m */,
				005818871D2B8C4E00EE4421 /* NSString+STExtension.h */,
				005818881D2B8C4E00EE4421 /* NSString+STExtension.m */,
			);
			name = Category;
			path = ../Category;
			sourceTree = "<group>";
		};
		015E3D0F1D2113420014A991 /* Guide(引导界面) */ = {
			isa = PBXGroup;
			children = (
				015E3D101D2113420014A991 /* Controllers */,
				015E3D131D2113420014A991 /* Models */,
				015E3D141D2113420014A991 /* Others */,
				015E3D151D2113420014A991 /* Views */,
			);
			name = "Guide(引导界面)";
			path = "../Guide(引导界面)";
			sourceTree = "<group>";
		};
		015E3D101D2113420014A991 /* Controllers */ = {
			isa = PBXGroup;
			children = (
				015E3D111D2113420014A991 /* STGuideController.h */,
				015E3D121D2113420014A991 /* STGuideController.m */,
			);
			path = Controllers;
			sourceTree = "<group>";
		};
		015E3D131D2113420014A991 /* Models */ = {
			isa = PBXGroup;
			children = (
			);
			path = Models;
			sourceTree = "<group>";
		};
		015E3D141D2113420014A991 /* Others */ = {
			isa = PBXGroup;
			children = (
			);
			path = Others;
			sourceTree = "<group>";
		};
		015E3D151D2113420014A991 /* Views */ = {
			isa = PBXGroup;
			children = (
				015E3D161D2113420014A991 /* STGuideCell.h */,
				015E3D171D2113420014A991 /* STGuideCell.m */,
			);
			path = Views;
			sourceTree = "<group>";
		};
		015E3D181D2113420014A991 /* Main */ = {
			isa = PBXGroup;
			children = (
				DBAD7DA91D2BB9000095A311 /* JKCountDownButton */,
				DBE3DF911D26596A0001FEE5 /* security */,
				DBAF32121D23C2A200D3CADC /* Utility */,
				015E3D0C1D2113420014A991 /* Category */,
				015E3D1B1D2113420014A991 /* Controllers */,
				015E3D201D2113420014A991 /* Models */,
				015E3D211D2113420014A991 /* Others */,
				015E3D221D2113420014A991 /* Views */,
			);
			path = Main;
			sourceTree = "<group>";
		};
		015E3D1B1D2113420014A991 /* Controllers */ = {
			isa = PBXGroup;
			children = (
				015E3D1C1D2113420014A991 /* STNavigationController.h */,
				015E3D1D1D2113420014A991 /* STNavigationController.m */,
				015E3D1E1D2113420014A991 /* STTabBarController.h */,
				015E3D1F1D2113420014A991 /* STTabBarController.m */,
				015E3D4E1D2115610014A991 /* STTabBar.h */,
				015E3D4F1D2115610014A991 /* STTabBar.m */,
			);
			path = Controllers;
			sourceTree = "<group>";
		};
		015E3D201D2113420014A991 /* Models */ = {
			isa = PBXGroup;
			children = (
			);
			path = Models;
			sourceTree = "<group>";
		};
		015E3D211D2113420014A991 /* Others */ = {
			isa = PBXGroup;
			children = (
			);
			path = Others;
			sourceTree = "<group>";
		};
		015E3D221D2113420014A991 /* Views */ = {
			isa = PBXGroup;
			children = (
			);
			path = Views;
			sourceTree = "<group>";
		};
		015E3D311D2113420014A991 /* 主框架 */ = {
			isa = PBXGroup;
			children = (
				DBAD7D9C1D2B4BC00095A311 /* 注册和登录 */,
				015E3D0F1D2113420014A991 /* Guide(引导界面) */,
				DB4E71531D2A12B800B5938B /* Honey */,
				015E3D321D2113420014A991 /* Chat */,
				015E3D331D2113420014A991 /* Focus */,
				015E3D351D2113420014A991 /* Photo */,
				015E3D361D2113420014A991 /* Warning */,
			);
			path = "主框架";
			sourceTree = "<group>";
		};
		015E3D321D2113420014A991 /* Chat */ = {
			isa = PBXGroup;
			children = (
				003767261D29FF6A0064A5EB /* STchat.h */,
				003767271D29FF6A0064A5EB /* STchat.m */,
				003767281D29FF6A0064A5EB /* STchatCell.h */,
				003767291D29FF6A0064A5EB /* STchatCell.m */,
				0037672A1D29FF6A0064A5EB /* STChatViewController.h */,
				0037672B1D29FF6A0064A5EB /* STChatViewController.m */,
				E7681E0C1D2B616400A3B94E /* STConversationViewController.h */,
				E7681E0D1D2B616400A3B94E /* STConversationViewController.m */,
				E7681E0F1D2B651F00A3B94E /* STConversationListViewController.h */,
				E7681E101D2B651F00A3B94E /* STConversationListViewController.m */,
			);
			path = Chat;
			sourceTree = "<group>";
		};
		015E3D331D2113420014A991 /* Focus */ = {
			isa = PBXGroup;
			children = (
				003767221D29F4A00064A5EB /* STFocusViewController.h */,
				003767231D29F4A00064A5EB /* STFocusViewController.m */,
				003767211D29F4A00064A5EB /* FocusCenterView.xib */,
			);
			path = Focus;
			sourceTree = "<group>";
		};
		015E3D351D2113420014A991 /* Photo */ = {
			isa = PBXGroup;
			children = (
				015E3D481D21139F0014A991 /* STPhotoViewController.h */,
				015E3D491D21139F0014A991 /* STPhotoViewController.m */,
				0037672F1D2A3E680064A5EB /* STPhoto.h */,
				003767301D2A3E680064A5EB /* STPhoto.m */,
				003767321D2A3FAC0064A5EB /* STphotoCell.h */,
				003767331D2A3FAC0064A5EB /* STphotoCell.m */,
				0058188A1D2CD95800EE4421 /* STcommentView.h */,
				0058188B1D2CD95800EE4421 /* STcommentView.m */,
			);
			path = Photo;
			sourceTree = "<group>";
		};
		015E3D361D2113420014A991 /* Warning */ = {
			isa = PBXGroup;
			children = (
				015E3D4B1D2113B70014A991 /* STWarningViewController.h */,
				015E3D4C1D2113B70014A991 /* STWarningViewController.m */,
				DBDB52F71D2A6C3600B6EAB8 /* STWarningView.h */,
				DBDB52F81D2A6C3600B6EAB8 /* STWarningView.m */,
			);
			path = Warning;
			sourceTree = "<group>";
		};
		0CEB326EC6FBF2ABA0C953D4 /* Pods */ = {
			isa = PBXGroup;
			children = (
				347511030CF39749603F7E5C /* Pods-XiaoShenTu.debug.xcconfig */,
				9045304AECE7243577F10411 /* Pods-XiaoShenTu.release.xcconfig */,
			);
			name = Pods;
			sourceTree = "<group>";
		};
		4EB8422A964EA515BE9ED21D /* Frameworks */ = {
			isa = PBXGroup;
			children = (
				DBAF32101D237BDD00D3CADC /* AMapLocationKit.framework */,
				DBAB247D1D22BA9600325BA4 /* AMapFoundationKit.framework */,
				DBAB247E1D22BA9600325BA4 /* MAMapKit.framework */,
				DBE3DF8F1D2659340001FEE5 /* Security.framework */,
				DBAB24851D22BC3C00325BA4 /* libPods-XiaoShenTu.a */,
				2A5A334EB665E4F83E579D62 /* libPods-XiaoShenTu.a */,
			);
			name = Frameworks;
			sourceTree = "<group>";
		};
		DB4E71531D2A12B800B5938B /* Honey */ = {
			isa = PBXGroup;
			children = (
				DB4E71541D2A12B800B5938B /* MapView */,
				DB4E71551D2A12B800B5938B /* 主控制器 */,
				DB4E71581D2A12B800B5938B /* 家庭和红包 */,
				DB4E715B1D2A12B800B5938B /* 小个人详情 */,
				DB4E71601D2A12B800B5938B /* 滚动头像 */,
			);
			path = Honey;
			sourceTree = "<group>";
		};
		DB4E71541D2A12B800B5938B /* MapView */ = {
			isa = PBXGroup;
			children = (
				DB4E716E1D2A139800B5938B /* STHongBaoAnnotation.h */,
				DB4E716F1D2A139900B5938B /* STHongBaoAnnotation.m */,
				DB4E71701D2A139900B5938B /* STHPersonMessage.h */,
				DB4E71711D2A139900B5938B /* STHPersonMessage.m */,
			);
			path = MapView;
			sourceTree = "<group>";
		};
		DB4E71551D2A12B800B5938B /* 主控制器 */ = {
			isa = PBXGroup;
			children = (
				DB4E71561D2A12B800B5938B /* STHoneyViewController.h */,
				DB4E71571D2A12B800B5938B /* STHoneyViewController.m */,
			);
			path = "主控制器";
			sourceTree = "<group>";
		};
		DB4E71581D2A12B800B5938B /* 家庭和红包 */ = {
			isa = PBXGroup;
			children = (
				DB4E71591D2A12B800B5938B /* STRedAndHomeView.h */,
				DB4E715A1D2A12B800B5938B /* STRedAndHomeView.m */,
			);
			path = "家庭和红包";
			sourceTree = "<group>";
		};
		DB4E715B1D2A12B800B5938B /* 小个人详情 */ = {
			isa = PBXGroup;
			children = (
				DB4E715E1D2A12B800B5938B /* STHInfomationView.h */,
				DB4E715F1D2A12B800B5938B /* STHInfomationView.m */,
				DB4E715C1D2A12B800B5938B /* STHInfomation.h */,
				DB4E715D1D2A12B800B5938B /* STHInfomation.m */,
			);
			path = "小个人详情";
			sourceTree = "<group>";
		};
		DB4E71601D2A12B800B5938B /* 滚动头像 */ = {
			isa = PBXGroup;
			children = (
				DB4E71631D2A12B800B5938B /* STHCollectionView.h */,
				DB4E71641D2A12B800B5938B /* STHCollectionView.m */,
				DB4E71651D2A12B800B5938B /* STHCollectionViewCell.h */,
				DB4E71661D2A12B800B5938B /* STHCollectionViewCell.m */,
				DB4E71611D2A12B800B5938B /* STHCollection.h */,
				DB4E71621D2A12B800B5938B /* STHCollection.m */,
			);
			path = "滚动头像";
			sourceTree = "<group>";
		};
		DBA5A8721D1FAA9C00FCF0B1 = {
			isa = PBXGroup;
			children = (
				DBA5A87D1D1FAA9C00FCF0B1 /* XiaoShenTu */,
				DBA5A87C1D1FAA9C00FCF0B1 /* Products */,
				0CEB326EC6FBF2ABA0C953D4 /* Pods */,
				4EB8422A964EA515BE9ED21D /* Frameworks */,
			);
			sourceTree = "<group>";
		};
		DBA5A87C1D1FAA9C00FCF0B1 /* Products */ = {
			isa = PBXGroup;
			children = (
				DBA5A87B1D1FAA9C00FCF0B1 /* XiaoShenTu.app */,
			);
			name = Products;
			sourceTree = "<group>";
		};
		DBA5A87D1D1FAA9C00FCF0B1 /* XiaoShenTu */ = {
			isa = PBXGroup;
			children = (
				015E3D191D2113420014A991 /* AppDelegate.h */,
				015E3D1A1D2113420014A991 /* AppDelegate.m */,
				DBA5A87E1D1FAA9C00FCF0B1 /* Supporting Files */,
				015E3D0B1D2113420014A991 /* Classes */,
			);
			path = XiaoShenTu;
			sourceTree = "<group>";
		};
		DBA5A87E1D1FAA9C00FCF0B1 /* Supporting Files */ = {
			isa = PBXGroup;
			children = (
				E778DF0A1D29FC5A00FA5B7A /* ImageResource */,
				DBA5A8871D1FAA9C00FCF0B1 /* Main.storyboard */,
				DBA5A88C1D1FAA9C00FCF0B1 /* LaunchScreen.storyboard */,
				DBA5A88F1D1FAA9C00FCF0B1 /* Info.plist */,
				DBA5A87F1D1FAA9C00FCF0B1 /* main.m */,
				DBA5A8B21D1FB98B00FCF0B1 /* PrefixHeader.pch */,
				DBAF32191D23C35E00D3CADC /* AppMacro.h */,
				E778DF0D1D29FD9F00FA5B7A /* CommonFiles.h */,
				E778DF141D2A017300FA5B7A /* Header.h */,
			);
			name = "Supporting Files";
			sourceTree = "<group>";
		};
		DBAD7D9C1D2B4BC00095A311 /* 注册和登录 */ = {
			isa = PBXGroup;
			children = (
				DBAD7D9D1D2B4C210095A311 /* STLoginViewController.h */,
				DBAD7D9E1D2B4C210095A311 /* STLoginViewController.m */,
				DBAD7DA01D2B5E000095A311 /* STLoginView.h */,
				DBAD7DA11D2B5E000095A311 /* STLoginView.m */,
				DBAD7DA61D2B90A90095A311 /* STRegisterViewController.h */,
				DBAD7DA71D2B90A90095A311 /* STRegisterViewController.m */,
				DBAD7DA31D2B908C0095A311 /* STRegister.h */,
				DBAD7DA41D2B908C0095A311 /* STRegister.m */,
			);
			path = "注册和登录";
			sourceTree = "<group>";
		};
		DBAD7DA91D2BB9000095A311 /* JKCountDownButton */ = {
			isa = PBXGroup;
			children = (
				DBAD7DAA1D2BB9000095A311 /* JKCountDownButton.h */,
				DBAD7DAB1D2BB9000095A311 /* JKCountDownButton.m */,
			);
			path = JKCountDownButton;
			sourceTree = "<group>";
		};
		DBAF32121D23C2A200D3CADC /* Utility */ = {
			isa = PBXGroup;
			children = (
			);
			name = Utility;
			path = ../Utility;
			sourceTree = "<group>";
		};
		DBE3DF911D26596A0001FEE5 /* security */ = {
			isa = PBXGroup;
			children = (
				DBE3DF921D26596A0001FEE5 /* SFHFKeychainUtils.h */,
				DBE3DF931D26596A0001FEE5 /* SFHFKeychainUtils.m */,
			);
			name = security;
			path = ../security;
			sourceTree = "<group>";
		};
		E778DF0A1D29FC5A00FA5B7A /* ImageResource */ = {
			isa = PBXGroup;
			children = (
				DBA5A88A1D1FAA9C00FCF0B1 /* Assets.xcassets */,
			);
			name = ImageResource;
			sourceTree = "<group>";
		};
/* End PBXGroup section */

/* Begin PBXNativeTarget section */
		DBA5A87A1D1FAA9C00FCF0B1 /* XiaoShenTu */ = {
			isa = PBXNativeTarget;
			buildConfigurationList = DBA5A8921D1FAA9C00FCF0B1 /* Build configuration list for PBXNativeTarget "XiaoShenTu" */;
			buildPhases = (
				D975244BA6419670B0F93A27 /* [CP] Check Pods Manifest.lock */,
				DBA5A8771D1FAA9C00FCF0B1 /* Sources */,
				DBA5A8781D1FAA9C00FCF0B1 /* Frameworks */,
				DBA5A8791D1FAA9C00FCF0B1 /* Resources */,
				48A557ABAA7017568112AD54 /* [CP] Embed Pods Frameworks */,
				3A97247D0679C6E51D75060D /* [CP] Copy Pods Resources */,
			);
			buildRules = (
			);
			dependencies = (
			);
			name = XiaoShenTu;
			productName = XiaoShenTu;
			productReference = DBA5A87B1D1FAA9C00FCF0B1 /* XiaoShenTu.app */;
			productType = "com.apple.product-type.application";
		};
/* End PBXNativeTarget section */

/* Begin PBXProject section */
		DBA5A8731D1FAA9C00FCF0B1 /* Project object */ = {
			isa = PBXProject;
			attributes = {
				CLASSPREFIX = ST;
				LastUpgradeCheck = 0720;
				ORGANIZATIONNAME = "万启鹏";
				TargetAttributes = {
					DBA5A87A1D1FAA9C00FCF0B1 = {
						CreatedOnToolsVersion = 7.2;
						DevelopmentTeam = HWXYBYLA8G;
						SystemCapabilities = {
							com.apple.BackgroundModes = {
								enabled = 1;
							};
						};
					};
				};
			};
			buildConfigurationList = DBA5A8761D1FAA9C00FCF0B1 /* Build configuration list for PBXProject "XiaoShenTu" */;
			compatibilityVersion = "Xcode 3.2";
			developmentRegion = English;
			hasScannedForEncodings = 0;
			knownRegions = (
				en,
				Base,
			);
			mainGroup = DBA5A8721D1FAA9C00FCF0B1;
			productRefGroup = DBA5A87C1D1FAA9C00FCF0B1 /* Products */;
			projectDirPath = "";
			projectRoot = "";
			targets = (
				DBA5A87A1D1FAA9C00FCF0B1 /* XiaoShenTu */,
			);
		};
/* End PBXProject section */

/* Begin PBXResourcesBuildPhase section */
		DBA5A8791D1FAA9C00FCF0B1 /* Resources */ = {
			isa = PBXResourcesBuildPhase;
			buildActionMask = 2147483647;
			files = (
				DBA5A88E1D1FAA9C00FCF0B1 /* LaunchScreen.storyboard in Resources */,
				DBA5A88B1D1FAA9C00FCF0B1 /* Assets.xcassets in Resources */,
				DBA5A8891D1FAA9C00FCF0B1 /* Main.storyboard in Resources */,
				003767241D29F4A00064A5EB /* FocusCenterView.xib in Resources */,
			);
			runOnlyForDeploymentPostprocessing = 0;
		};
/* End PBXResourcesBuildPhase section */

/* Begin PBXShellScriptBuildPhase section */
		3A97247D0679C6E51D75060D /* [CP] Copy Pods Resources */ = {
			isa = PBXShellScriptBuildPhase;
			buildActionMask = 2147483647;
			files = (
			);
			inputPaths = (
			);
			name = "[CP] Copy Pods Resources";
			outputPaths = (
			);
			runOnlyForDeploymentPostprocessing = 0;
			shellPath = /bin/sh;
			shellScript = "\"${SRCROOT}/Pods/Target Support Files/Pods-XiaoShenTu/Pods-XiaoShenTu-resources.sh\"\n";
			showEnvVarsInLog = 0;
		};
		48A557ABAA7017568112AD54 /* [CP] Embed Pods Frameworks */ = {
			isa = PBXShellScriptBuildPhase;
			buildActionMask = 2147483647;
			files = (
			);
			inputPaths = (
			);
			name = "[CP] Embed Pods Frameworks";
			outputPaths = (
			);
			runOnlyForDeploymentPostprocessing = 0;
			shellPath = /bin/sh;
			shellScript = "\"${SRCROOT}/Pods/Target Support Files/Pods-XiaoShenTu/Pods-XiaoShenTu-frameworks.sh\"\n";
			showEnvVarsInLog = 0;
		};
		D975244BA6419670B0F93A27 /* [CP] Check Pods Manifest.lock */ = {
			isa = PBXShellScriptBuildPhase;
			buildActionMask = 2147483647;
			files = (
			);
			inputPaths = (
			);
			name = "[CP] Check Pods Manifest.lock";
			outputPaths = (
			);
			runOnlyForDeploymentPostprocessing = 0;
			shellPath = /bin/sh;
			shellScript = "diff \"${PODS_ROOT}/../Podfile.lock\" \"${PODS_ROOT}/Manifest.lock\" > /dev/null\nif [[ $? != 0 ]] ; then\n    cat << EOM\nerror: The sandbox is not in sync with the Podfile.lock. Run 'pod install' or update your CocoaPods installation.\nEOM\n    exit 1\nfi\n";
			showEnvVarsInLog = 0;
		};
/* End PBXShellScriptBuildPhase section */

/* Begin PBXSourcesBuildPhase section */
		DBA5A8771D1FAA9C00FCF0B1 /* Sources */ = {
			isa = PBXSourcesBuildPhase;
			buildActionMask = 2147483647;
			files = (
				015E3D5B1D211ED20014A991 /* UIView+STExtension.m in Sources */,
				015E3D4D1D2113B70014A991 /* STWarningViewController.m in Sources */,
				DBDB52F91D2A6C3600B6EAB8 /* STWarningView.m in Sources */,
				DBAD7DA51D2B908C0095A311 /* STRegister.m in Sources */,
				DBAD7DA81D2B90A90095A311 /* STRegisterViewController.m in Sources */,
				015E3D4A1D21139F0014A991 /* STPhotoViewController.m in Sources */,
				0037672C1D29FF6A0064A5EB /* STchat.m in Sources */,
				DB4E716A1D2A12B800B5938B /* STHInfomationView.m in Sources */,
				015E3D3B1D2113420014A991 /* STNavigationController.m in Sources */,
				DBAF32211D23C73400D3CADC /* NSObject+STBasicColor.m in Sources */,
				015E3D5C1D211ED20014A991 /* NSDate+STExtension.m in Sources */,
				DBAD7D9F1D2B4C210095A311 /* STLoginViewController.m in Sources */,
				DB4E716C1D2A12B800B5938B /* STHCollectionView.m in Sources */,
				003767251D29F4A00064A5EB /* STFocusViewController.m in Sources */,
				DB4E71691D2A12B800B5938B /* STHInfomation.m in Sources */,
				003767341D2A3FAC0064A5EB /* STphotoCell.m in Sources */,
				E778DF131D2A002A00FA5B7A /* HP_NString.m in Sources */,
				DBE3DF941D26596A0001FEE5 /* SFHFKeychainUtils.m in Sources */,
				DB4E716B1D2A12B800B5938B /* STHCollection.m in Sources */,
				015E3D3C1D2113420014A991 /* STTabBarController.m in Sources */,
				015E3D501D2115610014A991 /* STTabBar.m in Sources */,
				DBAF32171D23C2CB00D3CADC /* UIButton+Utility.m in Sources */,
				E7681E111D2B651F00A3B94E /* STConversationListViewController.m in Sources */,
				DBAD7DAC1D2BB9000095A311 /* JKCountDownButton.m in Sources */,
				0037672E1D29FF6A0064A5EB /* STChatViewController.m in Sources */,
				015E3D391D2113420014A991 /* STGuideCell.m in Sources */,
				015E3D381D2113420014A991 /* STGuideController.m in Sources */,
				015E3D561D211EAD0014A991 /* UIBarButtonItem+STExtension.m in Sources */,
				003767311D2A3E680064A5EB /* STPhoto.m in Sources */,
				DBAF32181D23C2CB00D3CADC /* UILabel+Utility.m in Sources */,
				DB4E716D1D2A12B800B5938B /* STHCollectionViewCell.m in Sources */,
				DBA5A8801D1FAA9C00FCF0B1 /* main.m in Sources */,
				DB4E71721D2A139900B5938B /* STHongBaoAnnotation.m in Sources */,
				DB06DC6A1D2528C30042B9F9 /* UIView+Extend.m in Sources */,
				0037672D1D29FF6A0064A5EB /* STchatCell.m in Sources */,
				E7681E0E1D2B616400A3B94E /* STConversationViewController.m in Sources */,
				DB4E71671D2A12B800B5938B /* STHoneyViewController.m in Sources */,
				DB4E71681D2A12B800B5938B /* STRedAndHomeView.m in Sources */,
				0058188C1D2CD95800EE4421 /* STcommentView.m in Sources */,
				DBAD7DA21D2B5E000095A311 /* STLoginView.m in Sources */,
				015E3D3A1D2113420014A991 /* AppDelegate.m in Sources */,
				005818891D2B8C4E00EE4421 /* NSString+STExtension.m in Sources */,
				DB4E71731D2A139900B5938B /* STHPersonMessage.m in Sources */,
			);
			runOnlyForDeploymentPostprocessing = 0;
		};
/* End PBXSourcesBuildPhase section */

/* Begin PBXVariantGroup section */
		DBA5A8871D1FAA9C00FCF0B1 /* Main.storyboard */ = {
			isa = PBXVariantGroup;
			children = (
				DBA5A8881D1FAA9C00FCF0B1 /* Base */,
			);
			name = Main.storyboard;
			sourceTree = "<group>";
		};
		DBA5A88C1D1FAA9C00FCF0B1 /* LaunchScreen.storyboard */ = {
			isa = PBXVariantGroup;
			children = (
				DBA5A88D1D1FAA9C00FCF0B1 /* Base */,
			);
			name = LaunchScreen.storyboard;
			sourceTree = "<group>";
		};
/* End PBXVariantGroup section */

/* Begin XCBuildConfiguration section */
		DBA5A8901D1FAA9C00FCF0B1 /* Debug */ = {
			isa = XCBuildConfiguration;
			buildSettings = {
				ALWAYS_SEARCH_USER_PATHS = NO;
				CLANG_CXX_LANGUAGE_STANDARD = "gnu++0x";
				CLANG_CXX_LIBRARY = "libc++";
				CLANG_ENABLE_MODULES = YES;
				CLANG_ENABLE_OBJC_ARC = YES;
				CLANG_WARN_BOOL_CONVERSION = YES;
				CLANG_WARN_CONSTANT_CONVERSION = YES;
				CLANG_WARN_DIRECT_OBJC_ISA_USAGE = YES_ERROR;
				CLANG_WARN_EMPTY_BODY = YES;
				CLANG_WARN_ENUM_CONVERSION = YES;
				CLANG_WARN_INT_CONVERSION = YES;
				CLANG_WARN_OBJC_ROOT_CLASS = YES_ERROR;
				CLANG_WARN_UNREACHABLE_CODE = YES;
				CLANG_WARN__DUPLICATE_METHOD_MATCH = YES;
				"CODE_SIGN_IDENTITY[sdk=iphoneos*]" = "iPhone Developer";
				COPY_PHASE_STRIP = NO;
				DEBUG_INFORMATION_FORMAT = dwarf;
				ENABLE_STRICT_OBJC_MSGSEND = YES;
				ENABLE_TESTABILITY = YES;
				GCC_C_LANGUAGE_STANDARD = gnu99;
				GCC_DYNAMIC_NO_PIC = NO;
				GCC_NO_COMMON_BLOCKS = YES;
				GCC_OPTIMIZATION_LEVEL = 0;
				GCC_PREPROCESSOR_DEFINITIONS = (
					"DEBUG=1",
					"$(inherited)",
				);
				GCC_WARN_64_TO_32_BIT_CONVERSION = YES;
				GCC_WARN_ABOUT_RETURN_TYPE = YES_ERROR;
				GCC_WARN_UNDECLARED_SELECTOR = YES;
				GCC_WARN_UNINITIALIZED_AUTOS = YES_AGGRESSIVE;
				GCC_WARN_UNUSED_FUNCTION = YES;
				GCC_WARN_UNUSED_VARIABLE = YES;
				IPHONEOS_DEPLOYMENT_TARGET = 9.2;
				MTL_ENABLE_DEBUG_INFO = YES;
				ONLY_ACTIVE_ARCH = YES;
				SDKROOT = iphoneos;
				TARGETED_DEVICE_FAMILY = "1,2";
			};
			name = Debug;
		};
		DBA5A8911D1FAA9C00FCF0B1 /* Release */ = {
			isa = XCBuildConfiguration;
			buildSettings = {
				ALWAYS_SEARCH_USER_PATHS = NO;
				CLANG_CXX_LANGUAGE_STANDARD = "gnu++0x";
				CLANG_CXX_LIBRARY = "libc++";
				CLANG_ENABLE_MODULES = YES;
				CLANG_ENABLE_OBJC_ARC = YES;
				CLANG_WARN_BOOL_CONVERSION = YES;
				CLANG_WARN_CONSTANT_CONVERSION = YES;
				CLANG_WARN_DIRECT_OBJC_ISA_USAGE = YES_ERROR;
				CLANG_WARN_EMPTY_BODY = YES;
				CLANG_WARN_ENUM_CONVERSION = YES;
				CLANG_WARN_INT_CONVERSION = YES;
				CLANG_WARN_OBJC_ROOT_CLASS = YES_ERROR;
				CLANG_WARN_UNREACHABLE_CODE = YES;
				CLANG_WARN__DUPLICATE_METHOD_MATCH = YES;
				"CODE_SIGN_IDENTITY[sdk=iphoneos*]" = "iPhone Developer";
				COPY_PHASE_STRIP = NO;
				DEBUG_INFORMATION_FORMAT = "dwarf-with-dsym";
				ENABLE_NS_ASSERTIONS = NO;
				ENABLE_STRICT_OBJC_MSGSEND = YES;
				GCC_C_LANGUAGE_STANDARD = gnu99;
				GCC_NO_COMMON_BLOCKS = YES;
				GCC_WARN_64_TO_32_BIT_CONVERSION = YES;
				GCC_WARN_ABOUT_RETURN_TYPE = YES_ERROR;
				GCC_WARN_UNDECLARED_SELECTOR = YES;
				GCC_WARN_UNINITIALIZED_AUTOS = YES_AGGRESSIVE;
				GCC_WARN_UNUSED_FUNCTION = YES;
				GCC_WARN_UNUSED_VARIABLE = YES;
				IPHONEOS_DEPLOYMENT_TARGET = 9.2;
				MTL_ENABLE_DEBUG_INFO = NO;
				SDKROOT = iphoneos;
				TARGETED_DEVICE_FAMILY = "1,2";
				VALIDATE_PRODUCT = YES;
			};
			name = Release;
		};
		DBA5A8931D1FAA9C00FCF0B1 /* Debug */ = {
			isa = XCBuildConfiguration;
			baseConfigurationReference = 347511030CF39749603F7E5C /* Pods-XiaoShenTu.debug.xcconfig */;
			buildSettings = {
				ASSETCATALOG_COMPILER_APPICON_NAME = AppIcon;
				CODE_SIGN_IDENTITY = "iPhone Developer";
				"CODE_SIGN_IDENTITY[sdk=iphoneos*]" = "iPhone Developer";
				FRAMEWORK_SEARCH_PATHS = (
					"$(inherited)",
					"$(PROJECT_DIR)",
					"$(PROJECT_DIR)/XiaoShenTu",
				);
				GCC_PREFIX_HEADER = XiaoShenTu/PrefixHeader.pch;
				INFOPLIST_FILE = XiaoShenTu/Info.plist;
				LD_RUNPATH_SEARCH_PATHS = "$(inherited) @executable_path/Frameworks";
				LIBRARY_SEARCH_PATHS = (
					"$(inherited)",
					"$(PROJECT_DIR)/build/Debug-iphoneos",
				);
				PRODUCT_BUNDLE_IDENTIFIER = abc.com.XiaoShenTus;
				PRODUCT_NAME = "$(TARGET_NAME)";
				PROVISIONING_PROFILE = "";
			};
			name = Debug;
		};
		DBA5A8941D1FAA9C00FCF0B1 /* Release */ = {
			isa = XCBuildConfiguration;
			baseConfigurationReference = 9045304AECE7243577F10411 /* Pods-XiaoShenTu.release.xcconfig */;
			buildSettings = {
				ASSETCATALOG_COMPILER_APPICON_NAME = AppIcon;
				CODE_SIGN_IDENTITY = "iPhone Developer";
				"CODE_SIGN_IDENTITY[sdk=iphoneos*]" = "iPhone Developer";
				FRAMEWORK_SEARCH_PATHS = (
					"$(inherited)",
					"$(PROJECT_DIR)",
					"$(PROJECT_DIR)/XiaoShenTu",
				);
				GCC_PREFIX_HEADER = XiaoShenTu/PrefixHeader.pch;
				INFOPLIST_FILE = XiaoShenTu/Info.plist;
				LD_RUNPATH_SEARCH_PATHS = "$(inherited) @executable_path/Frameworks";
				LIBRARY_SEARCH_PATHS = (
					"$(inherited)",
					"$(PROJECT_DIR)/build/Debug-iphoneos",
				);
				PRODUCT_BUNDLE_IDENTIFIER = abc.com.XiaoShenTus;
				PRODUCT_NAME = "$(TARGET_NAME)";
				PROVISIONING_PROFILE = "";
			};
			name = Release;
		};
/* End XCBuildConfiguration section */

/* Begin XCConfigurationList section */
		DBA5A8761D1FAA9C00FCF0B1 /* Build configuration list for PBXProject "XiaoShenTu" */ = {
			isa = XCConfigurationList;
			buildConfigurations = (
				DBA5A8901D1FAA9C00FCF0B1 /* Debug */,
				DBA5A8911D1FAA9C00FCF0B1 /* Release */,
			);
			defaultConfigurationIsVisible = 0;
			defaultConfigurationName = Release;
		};
		DBA5A8921D1FAA9C00FCF0B1 /* Build configuration list for PBXNativeTarget "XiaoShenTu" */ = {
			isa = XCConfigurationList;
			buildConfigurations = (
				DBA5A8931D1FAA9C00FCF0B1 /* Debug */,
				DBA5A8941D1FAA9C00FCF0B1 /* Release */,
			);
			defaultConfigurationIsVisible = 0;
			defaultConfigurationName = Release;
		};
/* End XCConfigurationList section */
	};
	rootObject = DBA5A8731D1FAA9C00FCF0B1 /* Project object */;
}
